
Microsoft Visual Studio Solution File, Format Version 12.00
# Visual Studio Version 16
VisualStudioVersion = 16.0.31025.194
MinimumVisualStudioVersion = 10.0.40219.1
Project("{9A19103F-16F7-4668-BE54-9A1E7A4F7556}") = "ConvertorApp", "ConvertorApp\ConvertorApp.csproj", "{5C7EF098-48BD-4980-B7B7-CD11B7521340}"
EndProject
Project("{FAE04EC0-301F-11D3-BF4B-00C04F79EFBC}") = "ConvertorApp.Test", "ConvertorAppTest\ConvertorApp.Test.csproj", "{70912353-F613-4684-BABD-2E1A98D32E1B}"
EndProject
Global
	GlobalSection(SolutionConfigurationPlatforms) = preSolution
		Debug|Any CPU = Debug|Any CPU
		Release|Any CPU = Release|Any CPU
	EndGlobalSection
	GlobalSection(ProjectConfigurationPlatforms) = postSolution
		{5C7EF098-48BD-4980-B7B7-CD11B7521340}.Debug|Any CPU.ActiveCfg = Debug|Any CPU
		{5C7EF098-48BD-4980-B7B7-CD11B7521340}.Debug|Any CPU.Build.0 = Debug|Any CPU
		{5C7EF098-48BD-4980-B7B7-CD11B7521340}.Release|Any CPU.ActiveCfg = Release|Any CPU
		{5C7EF098-48BD-4980-B7B7-CD11B7521340}.Release|Any CPU.Build.0 = Release|Any CPU
		{70912353-F613-4684-BABD-2E1A98D32E1B}.Debug|Any CPU.ActiveCfg = Debug|Any CPU
		{70912353-F613-4684-BABD-2E1A98D32E1B}.Debug|Any CPU.Build.0 = Debug|Any CPU
		{70912353-F613-4684-BABD-2E1A98D32E1B}.Release|Any CPU.ActiveCfg = Release|Any CPU
		{70912353-F613-4684-BABD-2E1A98D32E1B}.Release|Any CPU.Build.0 = Release|Any CPU
	EndGlobalSection
	GlobalSection(SolutionProperties) = preSolution
		HideSolutionNode = FALSE
	EndGlobalSection
	GlobalSection(ExtensibilityGlobals) = postSolution
		SolutionGuid = {A0F4A013-CC89-4DD1-B1B3-FFAB449B48EF}
	EndGlobalSection
EndGlobal
